
Microsoft Visual Studio Solution File, Format Version 12.00
# Visual Studio 14
VisualStudioVersion = 14.0.23107.0
MinimumVisualStudioVersion = 10.0.40219.1
Project("{2150E333-8FDC-42A3-9474-1A3956D46DE8}") = "BehaviorPatterns", "BehaviorPatterns", "{8A1999C8-5868-4FE2-9BEC-865DD151BDB1}"
EndProject
Project("{FAE04EC0-301F-11D3-BF4B-00C04F79EFBC}") = "ChainOfResponsibilityATM", "BehaviorPatterns\ChainOfResponsibility\ChainOfResponsibilityATM.csproj", "{79C4B8A1-1852-4415-8388-C35501AAEE0A}"
EndProject
Project("{2150E333-8FDC-42A3-9474-1A3956D46DE8}") = "ChainOfResponsibilities", "ChainOfResponsibilities", "{44B5F4B4-7584-4E8A-88B6-2DC41F631E6F}"
EndProject
Project("{2150E333-8FDC-42A3-9474-1A3956D46DE8}") = "Template", "Template", "{FDA41F0D-5718-462C-8C76-BD321226397E}"
EndProject
Project("{FAE04EC0-301F-11D3-BF4B-00C04F79EFBC}") = "TemplatePerson", "BehaviorPatterns\TemplatePerson\TemplatePerson.csproj", "{8224F4C6-6ACE-468E-9F64-F9D9B6623424}"
EndProject
Project("{2150E333-8FDC-42A3-9474-1A3956D46DE8}") = "Command", "Command", "{FEF4AEED-B86D-4683-B387-FFA58AA8833B}"
EndProject
Project("{2150E333-8FDC-42A3-9474-1A3956D46DE8}") = "Observer", "Observer", "{718DFA55-42CB-4F8C-9921-FDA677AC82EA}"
EndProject
Project("{FAE04EC0-301F-11D3-BF4B-00C04F79EFBC}") = "PostOfficeObserver", "PostOffice\PostOfficeObserver.csproj", "{4221BA21-8F7F-43F3-905A-6EA41F476118}"
EndProject
Project("{FAE04EC0-301F-11D3-BF4B-00C04F79EFBC}") = "CommandPattern", "CommandPattern\CommandPattern.csproj", "{41D3D838-097F-44D4-BD5E-D69C7D535B05}"
EndProject
Global
	GlobalSection(SolutionConfigurationPlatforms) = preSolution
		Debug|Any CPU = Debug|Any CPU
		Release|Any CPU = Release|Any CPU
	EndGlobalSection
	GlobalSection(ProjectConfigurationPlatforms) = postSolution
		{79C4B8A1-1852-4415-8388-C35501AAEE0A}.Debug|Any CPU.ActiveCfg = Debug|Any CPU
		{79C4B8A1-1852-4415-8388-C35501AAEE0A}.Debug|Any CPU.Build.0 = Debug|Any CPU
		{79C4B8A1-1852-4415-8388-C35501AAEE0A}.Release|Any CPU.ActiveCfg = Release|Any CPU
		{79C4B8A1-1852-4415-8388-C35501AAEE0A}.Release|Any CPU.Build.0 = Release|Any CPU
		{8224F4C6-6ACE-468E-9F64-F9D9B6623424}.Debug|Any CPU.ActiveCfg = Debug|Any CPU
		{8224F4C6-6ACE-468E-9F64-F9D9B6623424}.Debug|Any CPU.Build.0 = Debug|Any CPU
		{8224F4C6-6ACE-468E-9F64-F9D9B6623424}.Release|Any CPU.ActiveCfg = Release|Any CPU
		{8224F4C6-6ACE-468E-9F64-F9D9B6623424}.Release|Any CPU.Build.0 = Release|Any CPU
		{4221BA21-8F7F-43F3-905A-6EA41F476118}.Debug|Any CPU.ActiveCfg = Debug|Any CPU
		{4221BA21-8F7F-43F3-905A-6EA41F476118}.Debug|Any CPU.Build.0 = Debug|Any CPU
		{4221BA21-8F7F-43F3-905A-6EA41F476118}.Release|Any CPU.ActiveCfg = Release|Any CPU
		{4221BA21-8F7F-43F3-905A-6EA41F476118}.Release|Any CPU.Build.0 = Release|Any CPU
		{41D3D838-097F-44D4-BD5E-D69C7D535B05}.Debug|Any CPU.ActiveCfg = Debug|Any CPU
		{41D3D838-097F-44D4-BD5E-D69C7D535B05}.Debug|Any CPU.Build.0 = Debug|Any CPU
		{41D3D838-097F-44D4-BD5E-D69C7D535B05}.Release|Any CPU.ActiveCfg = Release|Any CPU
		{41D3D838-097F-44D4-BD5E-D69C7D535B05}.Release|Any CPU.Build.0 = Release|Any CPU
	EndGlobalSection
	GlobalSection(SolutionProperties) = preSolution
		HideSolutionNode = FALSE
	EndGlobalSection
	GlobalSection(NestedProjects) = preSolution
		{79C4B8A1-1852-4415-8388-C35501AAEE0A} = {44B5F4B4-7584-4E8A-88B6-2DC41F631E6F}
		{44B5F4B4-7584-4E8A-88B6-2DC41F631E6F} = {8A1999C8-5868-4FE2-9BEC-865DD151BDB1}
		{FDA41F0D-5718-462C-8C76-BD321226397E} = {8A1999C8-5868-4FE2-9BEC-865DD151BDB1}
		{8224F4C6-6ACE-468E-9F64-F9D9B6623424} = {FDA41F0D-5718-462C-8C76-BD321226397E}
		{FEF4AEED-B86D-4683-B387-FFA58AA8833B} = {8A1999C8-5868-4FE2-9BEC-865DD151BDB1}
		{718DFA55-42CB-4F8C-9921-FDA677AC82EA} = {8A1999C8-5868-4FE2-9BEC-865DD151BDB1}
		{4221BA21-8F7F-43F3-905A-6EA41F476118} = {718DFA55-42CB-4F8C-9921-FDA677AC82EA}
		{41D3D838-097F-44D4-BD5E-D69C7D535B05} = {FEF4AEED-B86D-4683-B387-FFA58AA8833B}
	EndGlobalSection
EndGlobal
