
Microsoft Visual Studio Solution File, Format Version 12.00
# Visual Studio 2013
VisualStudioVersion = 12.0.31101.0
MinimumVisualStudioVersion = 10.0.40219.1
Project("{FAE04EC0-301F-11D3-BF4B-00C04F79EFBC}") = "eventsHandler", "ProjectToBeRenamed\eventsHandler.csproj", "{E7D6564D-FCED-4E2D-9A4C-20157E6A0788}"
EndProject
Project("{F184B08F-C81C-45F6-A57F-5ABD9991F28F}") = "JavaScriptReformatting", "JavaScriptReformatting\JavaScriptReformatting.vbproj", "{1F5CD8EF-2615-4763-8E04-AF4A933EE1D9}"
EndProject
Global
	GlobalSection(SolutionConfigurationPlatforms) = preSolution
		Debug|Any CPU = Debug|Any CPU
		Release|Any CPU = Release|Any CPU
	EndGlobalSection
	GlobalSection(ProjectConfigurationPlatforms) = postSolution
		{E7D6564D-FCED-4E2D-9A4C-20157E6A0788}.Debug|Any CPU.ActiveCfg = Debug|Any CPU
		{E7D6564D-FCED-4E2D-9A4C-20157E6A0788}.Debug|Any CPU.Build.0 = Debug|Any CPU
		{E7D6564D-FCED-4E2D-9A4C-20157E6A0788}.Release|Any CPU.ActiveCfg = Release|Any CPU
		{E7D6564D-FCED-4E2D-9A4C-20157E6A0788}.Release|Any CPU.Build.0 = Release|Any CPU
		{1F5CD8EF-2615-4763-8E04-AF4A933EE1D9}.Debug|Any CPU.ActiveCfg = Debug|Any CPU
		{1F5CD8EF-2615-4763-8E04-AF4A933EE1D9}.Debug|Any CPU.Build.0 = Debug|Any CPU
		{1F5CD8EF-2615-4763-8E04-AF4A933EE1D9}.Release|Any CPU.ActiveCfg = Release|Any CPU
		{1F5CD8EF-2615-4763-8E04-AF4A933EE1D9}.Release|Any CPU.Build.0 = Release|Any CPU
	EndGlobalSection
	GlobalSection(SolutionProperties) = preSolution
		HideSolutionNode = FALSE
	EndGlobalSection
EndGlobal
